
Microsoft Visual Studio Solution File, Format Version 12.00
# Visual Studio Version 17
VisualStudioVersion = 17.3.32825.248
MinimumVisualStudioVersion = 10.0.40219.1
Project("{FAE04EC0-301F-11D3-BF4B-00C04F79EFBC}") = "Project1 Empty", "Project1 Empty.csproj", "{A946E791-9CB8-4E6D-B53E-2F1294B86B17}"
EndProject
Global
	GlobalSection(SolutionConfigurationPlatforms) = preSolution
		Debug|Any CPU = Debug|Any CPU
		Release|Any CPU = Release|Any CPU
	EndGlobalSection
	GlobalSection(ProjectConfigurationPlatforms) = postSolution
		{A946E791-9CB8-4E6D-B53E-2F1294B86B17}.Debug|Any CPU.ActiveCfg = Debug|Any CPU
		{A946E791-9CB8-4E6D-B53E-2F1294B86B17}.Debug|Any CPU.Build.0 = Debug|Any CPU
		{A946E791-9CB8-4E6D-B53E-2F1294B86B17}.Release|Any CPU.ActiveCfg = Release|Any CPU
		{A946E791-9CB8-4E6D-B53E-2F1294B86B17}.Release|Any CPU.Build.0 = Release|Any CPU
	EndGlobalSection
	GlobalSection(SolutionProperties) = preSolution
		HideSolutionNode = FALSE
	EndGlobalSection
	GlobalSection(ExtensibilityGlobals) = postSolution
		SolutionGuid = {70B00D21-DA09-4B9F-93E7-800E1C4C37C6}
	EndGlobalSection
EndGlobal
