
Microsoft Visual Studio Solution File, Format Version 12.00
# Visual Studio Version 17
VisualStudioVersion = 17.3.32825.248
MinimumVisualStudioVersion = 10.0.40219.1
Project("{FAE04EC0-301F-11D3-BF4B-00C04F79EFBC}") = "Oef07_MVC Custom Model Validation", "Oef07_MVC Custom Model Validation.csproj", "{F1220AF4-49F4-4C73-B2C6-E869D7423F52}"
EndProject
Global
	GlobalSection(SolutionConfigurationPlatforms) = preSolution
		Debug|Any CPU = Debug|Any CPU
		Release|Any CPU = Release|Any CPU
	EndGlobalSection
	GlobalSection(ProjectConfigurationPlatforms) = postSolution
		{F1220AF4-49F4-4C73-B2C6-E869D7423F52}.Debug|Any CPU.ActiveCfg = Debug|Any CPU
		{F1220AF4-49F4-4C73-B2C6-E869D7423F52}.Debug|Any CPU.Build.0 = Debug|Any CPU
		{F1220AF4-49F4-4C73-B2C6-E869D7423F52}.Release|Any CPU.ActiveCfg = Release|Any CPU
		{F1220AF4-49F4-4C73-B2C6-E869D7423F52}.Release|Any CPU.Build.0 = Release|Any CPU
	EndGlobalSection
	GlobalSection(SolutionProperties) = preSolution
		HideSolutionNode = FALSE
	EndGlobalSection
	GlobalSection(ExtensibilityGlobals) = postSolution
		SolutionGuid = {6B10FE36-07EE-43FB-BF0F-CDA76AEF6E81}
	EndGlobalSection
EndGlobal
