
Microsoft Visual Studio Solution File, Format Version 12.00
# Visual Studio Version 17
VisualStudioVersion = 17.3.32929.385
MinimumVisualStudioVersion = 10.0.40219.1
Project("{9A19103F-16F7-4668-BE54-9A1E7A4F7556}") = "MVC_sportstore", "MVC_sportstore.csproj", "{8698F42A-CCE3-4553-99A9-119CCE68BAB2}"
EndProject
Global
	GlobalSection(SolutionConfigurationPlatforms) = preSolution
		Debug|Any CPU = Debug|Any CPU
		Release|Any CPU = Release|Any CPU
	EndGlobalSection
	GlobalSection(ProjectConfigurationPlatforms) = postSolution
		{8698F42A-CCE3-4553-99A9-119CCE68BAB2}.Debug|Any CPU.ActiveCfg = Debug|Any CPU
		{8698F42A-CCE3-4553-99A9-119CCE68BAB2}.Debug|Any CPU.Build.0 = Debug|Any CPU
		{8698F42A-CCE3-4553-99A9-119CCE68BAB2}.Release|Any CPU.ActiveCfg = Release|Any CPU
		{8698F42A-CCE3-4553-99A9-119CCE68BAB2}.Release|Any CPU.Build.0 = Release|Any CPU
	EndGlobalSection
	GlobalSection(SolutionProperties) = preSolution
		HideSolutionNode = FALSE
	EndGlobalSection
	GlobalSection(ExtensibilityGlobals) = postSolution
		SolutionGuid = {947E87C1-554E-4131-AE3D-ED13F9EAB3B1}
	EndGlobalSection
EndGlobal
