
Microsoft Visual Studio Solution File, Format Version 12.00
# Visual Studio Version 17
VisualStudioVersion = 17.3.32825.248
MinimumVisualStudioVersion = 10.0.40219.1
Project("{9A19103F-16F7-4668-BE54-9A1E7A4F7556}") = "MyFirstRazorWebApplication", "MyFirstRazorWebApplication.csproj", "{29094E03-5BA9-4AF1-9EAE-DF2113247231}"
EndProject
Global
	GlobalSection(SolutionConfigurationPlatforms) = preSolution
		Debug|Any CPU = Debug|Any CPU
		Release|Any CPU = Release|Any CPU
	EndGlobalSection
	GlobalSection(ProjectConfigurationPlatforms) = postSolution
		{29094E03-5BA9-4AF1-9EAE-DF2113247231}.Debug|Any CPU.ActiveCfg = Debug|Any CPU
		{29094E03-5BA9-4AF1-9EAE-DF2113247231}.Debug|Any CPU.Build.0 = Debug|Any CPU
		{29094E03-5BA9-4AF1-9EAE-DF2113247231}.Release|Any CPU.ActiveCfg = Release|Any CPU
		{29094E03-5BA9-4AF1-9EAE-DF2113247231}.Release|Any CPU.Build.0 = Release|Any CPU
	EndGlobalSection
	GlobalSection(SolutionProperties) = preSolution
		HideSolutionNode = FALSE
	EndGlobalSection
	GlobalSection(ExtensibilityGlobals) = postSolution
		SolutionGuid = {F7CEFE73-B95D-4459-B95C-FBC68F2C350F}
	EndGlobalSection
EndGlobal
