
Microsoft Visual Studio Solution File, Format Version 12.00
# Visual Studio Version 17
VisualStudioVersion = 17.2.32602.215
MinimumVisualStudioVersion = 10.0.40219.1
Project("{FAE04EC0-301F-11D3-BF4B-00C04F79EFBC}") = "MVCTagHelper", "MVCTagHelper\MVCTagHelper.csproj", "{DCC6E066-77B7-4F2C-9892-9BB1C5BC2E06}"
EndProject
Global
	GlobalSection(SolutionConfigurationPlatforms) = preSolution
		Debug|Any CPU = Debug|Any CPU
		Release|Any CPU = Release|Any CPU
	EndGlobalSection
	GlobalSection(ProjectConfigurationPlatforms) = postSolution
		{DCC6E066-77B7-4F2C-9892-9BB1C5BC2E06}.Debug|Any CPU.ActiveCfg = Debug|Any CPU
		{DCC6E066-77B7-4F2C-9892-9BB1C5BC2E06}.Debug|Any CPU.Build.0 = Debug|Any CPU
		{DCC6E066-77B7-4F2C-9892-9BB1C5BC2E06}.Release|Any CPU.ActiveCfg = Release|Any CPU
		{DCC6E066-77B7-4F2C-9892-9BB1C5BC2E06}.Release|Any CPU.Build.0 = Release|Any CPU
	EndGlobalSection
	GlobalSection(SolutionProperties) = preSolution
		HideSolutionNode = FALSE
	EndGlobalSection
	GlobalSection(ExtensibilityGlobals) = postSolution
		SolutionGuid = {6931F917-3E21-4FE2-908B-40E68C1C7D55}
	EndGlobalSection
EndGlobal
