
Microsoft Visual Studio Solution File, Format Version 12.00
# Visual Studio Version 17
VisualStudioVersion = 17.3.32825.248
MinimumVisualStudioVersion = 10.0.40219.1
Project("{FAE04EC0-301F-11D3-BF4B-00C04F79EFBC}") = "MVC WebApp", "MVC WebApp.csproj", "{13E09482-732B-4A76-835E-745CDB214F8F}"
EndProject
Global
	GlobalSection(SolutionConfigurationPlatforms) = preSolution
		Debug|Any CPU = Debug|Any CPU
		Release|Any CPU = Release|Any CPU
	EndGlobalSection
	GlobalSection(ProjectConfigurationPlatforms) = postSolution
		{13E09482-732B-4A76-835E-745CDB214F8F}.Debug|Any CPU.ActiveCfg = Debug|Any CPU
		{13E09482-732B-4A76-835E-745CDB214F8F}.Debug|Any CPU.Build.0 = Debug|Any CPU
		{13E09482-732B-4A76-835E-745CDB214F8F}.Release|Any CPU.ActiveCfg = Release|Any CPU
		{13E09482-732B-4A76-835E-745CDB214F8F}.Release|Any CPU.Build.0 = Release|Any CPU
	EndGlobalSection
	GlobalSection(SolutionProperties) = preSolution
		HideSolutionNode = FALSE
	EndGlobalSection
	GlobalSection(ExtensibilityGlobals) = postSolution
		SolutionGuid = {80A9ECA1-1F82-40F8-8560-69B0C9A7D3AE}
	EndGlobalSection
EndGlobal
